PODS:
  - Alamofire (3.4.2)
  - AwesomeTextField (0.1.0)
  - SwiftyJSON (2.3.2)
  - TesseractOCRiOS (4.0.0)

DEPENDENCIES:
  - Alamofire (~> 3.4)
  - AwesomeTextField
  - SwiftyJSON
  - TesseractOCRiOS (= 4.0.0)

SPEC CHECKSUMS:
  Alamofire: 6aa33201d20d069e1598891cf928883ff1888c7a
  AwesomeTextField: 9539cb8dfc2741abf624f3e58ee6a151e1aaf670
  SwiftyJSON: 04ccea08915aa0109039157c7974cf0298da292a
  TesseractOCRiOS: 90638afbe43d082433f2e76b384c7901d23956df

PODFILE CHECKSUM: 5e339bcc49ad19e4c2af120b0758e0f82e81ec41

COCOAPODS: 1.0.1
