PODS:
  - Alamofire (3.4.2)
  - SwiftyJSON (2.3.2)
  - TesseractOCRiOS (4.0.0)

DEPENDENCIES:
  - Alamofire (~> 3.4)
  - SwiftyJSON
  - TesseractOCRiOS (= 4.0.0)

SPEC CHECKSUMS:
  Alamofire: 6aa33201d20d069e1598891cf928883ff1888c7a
  SwiftyJSON: 04ccea08915aa0109039157c7974cf0298da292a
  TesseractOCRiOS: 90638afbe43d082433f2e76b384c7901d23956df

PODFILE CHECKSUM: dd49efb1d147d61e383db4f070449bac36360e68

COCOAPODS: 1.0.1
