PODS:
  - Alamofire (4.0.0)
  - AwesomeTextField (0.1.0)
  - SwiftSpinner (0.9.5)
  - TesseractOCRiOS (4.0.0)

DEPENDENCIES:
  - Alamofire (~> 4.0)
  - AwesomeTextField
  - SwiftSpinner
  - TesseractOCRiOS (= 4.0.0)

SPEC CHECKSUMS:
  Alamofire: fef59f00388f267e52d9b432aa5d93dc97190f14
  AwesomeTextField: 9539cb8dfc2741abf624f3e58ee6a151e1aaf670
  SwiftSpinner: c6585a0ae5c67eb33e737695cce88f0262008cce
  TesseractOCRiOS: 90638afbe43d082433f2e76b384c7901d23956df

PODFILE CHECKSUM: bcdba08fb99542f47663fa1e3bd4b1dbc458ec3e

COCOAPODS: 1.0.1
