// !$*UTF8*$!
{
	archiveVersion = 1;
	classes = {
	};
	objectVersion = 46;
	objects = {

/* Begin PBXBuildFile section */
		0D9FE3BD1D803C0F003C5A59 /* PhotoTakingHelper.swift in Sources */ = {isa = PBXBuildFile; fileRef = 0D9FE3BC1D803C0F003C5A59 /* PhotoTakingHelper.swift */; };
		0DA243371D7F492300BA021E /* ContactsViewController.swift in Sources */ = {isa = PBXBuildFile; fileRef = 0DA243361D7F492300BA021E /* ContactsViewController.swift */; };
		0DAA6BC21D7CF06200D38DFE /* libstdc++.6.0.9.tbd in Frameworks */ = {isa = PBXBuildFile; fileRef = 0DAA6BC11D7CF06200D38DFE /* libstdc++.6.0.9.tbd */; };
		0DAAE4281D7CD08100CF092E /* ColorExtensions.swift in Sources */ = {isa = PBXBuildFile; fileRef = 0DAAE4271D7CD08100CF092E /* ColorExtensions.swift */; };
		0DAAE42A1D7CD12C00CF092E /* AddReceiptViewController.swift in Sources */ = {isa = PBXBuildFile; fileRef = 0DAAE4291D7CD12C00CF092E /* AddReceiptViewController.swift */; };
		0DAAE42C1D7CD15B00CF092E /* ReceiptsViewConroller.swift in Sources */ = {isa = PBXBuildFile; fileRef = 0DAAE42B1D7CD15B00CF092E /* ReceiptsViewConroller.swift */; };
		0DAAE42E1D7CD17B00CF092E /* SnapReceiptsViewController.swift in Sources */ = {isa = PBXBuildFile; fileRef = 0DAAE42D1D7CD17B00CF092E /* SnapReceiptsViewController.swift */; };
		0DB4C9551D7D008900FFDF85 /* tessdata in Resources */ = {isa = PBXBuildFile; fileRef = 0DB4C9541D7D008900FFDF85 /* tessdata */; };
		0DB4C95B1D7D0F4200FFDF85 /* DetailedReceiptTableViewController.swift in Sources */ = {isa = PBXBuildFile; fileRef = 0DB4C95A1D7D0F4200FFDF85 /* DetailedReceiptTableViewController.swift */; };
		0DB4C95D1D7D1E4C00FFDF85 /* Item.swift in Sources */ = {isa = PBXBuildFile; fileRef = 0DB4C95C1D7D1E4C00FFDF85 /* Item.swift */; };
		0DB4C95F1D7D1F7100FFDF85 /* ItemStore.swift in Sources */ = {isa = PBXBuildFile; fileRef = 0DB4C95E1D7D1F7100FFDF85 /* ItemStore.swift */; };
		0DB4C9611D7DD25800FFDF85 /* ItemCell.swift in Sources */ = {isa = PBXBuildFile; fileRef = 0DB4C9601D7DD25800FFDF85 /* ItemCell.swift */; };
		0DB4C9631D7DE61400FFDF85 /* ItemDetailViewConroller.swift in Sources */ = {isa = PBXBuildFile; fileRef = 0DB4C9621D7DE61400FFDF85 /* ItemDetailViewConroller.swift */; };
		0DB4C9651D7DE8AC00FFDF85 /* DateExtensions.swift in Sources */ = {isa = PBXBuildFile; fileRef = 0DB4C9641D7DE8AC00FFDF85 /* DateExtensions.swift */; };
		0DB4C9671D7DE8E100FFDF85 /* NumberExtensions.swift in Sources */ = {isa = PBXBuildFile; fileRef = 0DB4C9661D7DE8E100FFDF85 /* NumberExtensions.swift */; };
		0DE3FABD1D7FCA27005E5D9F /* PickFromAlbumViewController.swift in Sources */ = {isa = PBXBuildFile; fileRef = 0DE3FABC1D7FCA27005E5D9F /* PickFromAlbumViewController.swift */; };
		0DEE59771D80A3ED00C08908 /* TabController.swift in Sources */ = {isa = PBXBuildFile; fileRef = 0DEE59761D80A3ED00C08908 /* TabController.swift */; };
		2ED6E6F785CD17DEFE5A6A58 /* Pods_CheckMatesTests.framework in Frameworks */ = {isa = PBXBuildFile; fileRef = 6BB260BE7DA72BA1CE84F293 /* Pods_CheckMatesTests.framework */; };
		372C953B1D7CCE8C00BD0DB0 /* ApiKeys.swift in Sources */ = {isa = PBXBuildFile; fileRef = 372C953A1D7CCE8B00BD0DB0 /* ApiKeys.swift */; };
		372C953D1D7CCEB700BD0DB0 /* APIKeys.plist in Resources */ = {isa = PBXBuildFile; fileRef = 372C953C1D7CCEB700BD0DB0 /* APIKeys.plist */; };
		372C953F1D7CD0A100BD0DB0 /* PaymentsController.swift in Sources */ = {isa = PBXBuildFile; fileRef = 372C953E1D7CD0A100BD0DB0 /* PaymentsController.swift */; };
		372C95411D7CD41600BD0DB0 /* DwollaAPIManager.swift in Sources */ = {isa = PBXBuildFile; fileRef = 372C95401D7CD41600BD0DB0 /* DwollaAPIManager.swift */; };
		372C95431D7CD77200BD0DB0 /* DwollaRequest.swift in Sources */ = {isa = PBXBuildFile; fileRef = 372C95421D7CD77200BD0DB0 /* DwollaRequest.swift */; };
		379CBB9A1D7CC9A100352669 /* AppDelegate.swift in Sources */ = {isa = PBXBuildFile; fileRef = 379CBB991D7CC9A100352669 /* AppDelegate.swift */; };
		379CBB9F1D7CC9A100352669 /* Main.storyboard in Resources */ = {isa = PBXBuildFile; fileRef = 379CBB9D1D7CC9A100352669 /* Main.storyboard */; };
		379CBBA21D7CC9A100352669 /* CheckMates.xcdatamodeld in Sources */ = {isa = PBXBuildFile; fileRef = 379CBBA01D7CC9A100352669 /* CheckMates.xcdatamodeld */; };
		379CBBA41D7CC9A100352669 /* Assets.xcassets in Resources */ = {isa = PBXBuildFile; fileRef = 379CBBA31D7CC9A100352669 /* Assets.xcassets */; };
		379CBBA71D7CC9A100352669 /* LaunchScreen.storyboard in Resources */ = {isa = PBXBuildFile; fileRef = 379CBBA51D7CC9A100352669 /* LaunchScreen.storyboard */; };
		379CBBB21D7CC9A200352669 /* CheckMatesTests.swift in Sources */ = {isa = PBXBuildFile; fileRef = 379CBBB11D7CC9A200352669 /* CheckMatesTests.swift */; };
		71E3B24471B29B53EBAFD2F9 /* Pods_CheckMates.framework in Frameworks */ = {isa = PBXBuildFile; fileRef = 631544A51BE40205E7D54218 /* Pods_CheckMates.framework */; };
		F197DDC91D7FB858008D8F17 /* EventViewController.swift in Sources */ = {isa = PBXBuildFile; fileRef = F197DDC81D7FB858008D8F17 /* EventViewController.swift */; };
		F197DDCB1D806928008D8F17 /* EventTableViewController.swift in Sources */ = {isa = PBXBuildFile; fileRef = F197DDCA1D806928008D8F17 /* EventTableViewController.swift */; };
		F197DDCD1D80B4A0008D8F17 /* MessageController.swift in Sources */ = {isa = PBXBuildFile; fileRef = F197DDCC1D80B4A0008D8F17 /* MessageController.swift */; };
/* End PBXBuildFile section */

/* Begin PBXContainerItemProxy section */
		379CBBAE1D7CC9A200352669 /* PBXContainerItemProxy */ = {
			isa = PBXContainerItemProxy;
			containerPortal = 379CBB8E1D7CC9A100352669 /* Project object */;
			proxyType = 1;
			remoteGlobalIDString = 379CBB951D7CC9A100352669;
			remoteInfo = CheckMates;
		};
/* End PBXContainerItemProxy section */

/* Begin PBXFileReference section */
		05B5D96BDED7B37A2ECC50E5 /* Pods-CheckMates.debug.xcconfig */ = {isa = PBXFileReference; includeInIndex = 1; lastKnownFileType = text.xcconfig; name = "Pods-CheckMates.debug.xcconfig"; path = "Pods/Target Support Files/Pods-CheckMates/Pods-CheckMates.debug.xcconfig"; sourceTree = "<group>"; };
		0D9FE3BC1D803C0F003C5A59 /* PhotoTakingHelper.swift */ = {isa = PBXFileReference; fileEncoding = 4; lastKnownFileType = sourcecode.swift; path = PhotoTakingHelper.swift; sourceTree = "<group>"; };
		0DA243361D7F492300BA021E /* ContactsViewController.swift */ = {isa = PBXFileReference; fileEncoding = 4; lastKnownFileType = sourcecode.swift; path = ContactsViewController.swift; sourceTree = "<group>"; };
		0DAA6BC11D7CF06200D38DFE /* libstdc++.6.0.9.tbd */ = {isa = PBXFileReference; lastKnownFileType = "sourcecode.text-based-dylib-definition"; name = "libstdc++.6.0.9.tbd"; path = "usr/lib/libstdc++.6.0.9.tbd"; sourceTree = SDKROOT; };
		0DAAE4271D7CD08100CF092E /* ColorExtensions.swift */ = {isa = PBXFileReference; fileEncoding = 4; lastKnownFileType = sourcecode.swift; path = ColorExtensions.swift; sourceTree = "<group>"; };
		0DAAE4291D7CD12C00CF092E /* AddReceiptViewController.swift */ = {isa = PBXFileReference; fileEncoding = 4; lastKnownFileType = sourcecode.swift; path = AddReceiptViewController.swift; sourceTree = "<group>"; };
		0DAAE42B1D7CD15B00CF092E /* ReceiptsViewConroller.swift */ = {isa = PBXFileReference; fileEncoding = 4; lastKnownFileType = sourcecode.swift; path = ReceiptsViewConroller.swift; sourceTree = "<group>"; };
		0DAAE42D1D7CD17B00CF092E /* SnapReceiptsViewController.swift */ = {isa = PBXFileReference; fileEncoding = 4; lastKnownFileType = sourcecode.swift; path = SnapReceiptsViewController.swift; sourceTree = "<group>"; };
		0DB4C9541D7D008900FFDF85 /* tessdata */ = {isa = PBXFileReference; lastKnownFileType = folder; path = tessdata; sourceTree = "<group>"; };
		0DB4C95A1D7D0F4200FFDF85 /* DetailedReceiptTableViewController.swift */ = {isa = PBXFileReference; fileEncoding = 4; lastKnownFileType = sourcecode.swift; path = DetailedReceiptTableViewController.swift; sourceTree = "<group>"; };
		0DB4C95C1D7D1E4C00FFDF85 /* Item.swift */ = {isa = PBXFileReference; fileEncoding = 4; lastKnownFileType = sourcecode.swift; path = Item.swift; sourceTree = "<group>"; };
		0DB4C95E1D7D1F7100FFDF85 /* ItemStore.swift */ = {isa = PBXFileReference; fileEncoding = 4; lastKnownFileType = sourcecode.swift; path = ItemStore.swift; sourceTree = "<group>"; };
		0DB4C9601D7DD25800FFDF85 /* ItemCell.swift */ = {isa = PBXFileReference; fileEncoding = 4; lastKnownFileType = sourcecode.swift; path = ItemCell.swift; sourceTree = "<group>"; };
		0DB4C9621D7DE61400FFDF85 /* ItemDetailViewConroller.swift */ = {isa = PBXFileReference; fileEncoding = 4; lastKnownFileType = sourcecode.swift; path = ItemDetailViewConroller.swift; sourceTree = "<group>"; };
		0DB4C9641D7DE8AC00FFDF85 /* DateExtensions.swift */ = {isa = PBXFileReference; fileEncoding = 4; lastKnownFileType = sourcecode.swift; path = DateExtensions.swift; sourceTree = "<group>"; };
		0DB4C9661D7DE8E100FFDF85 /* NumberExtensions.swift */ = {isa = PBXFileReference; fileEncoding = 4; lastKnownFileType = sourcecode.swift; path = NumberExtensions.swift; sourceTree = "<group>"; };
		0DE3FABC1D7FCA27005E5D9F /* PickFromAlbumViewController.swift */ = {isa = PBXFileReference; fileEncoding = 4; lastKnownFileType = sourcecode.swift; path = PickFromAlbumViewController.swift; sourceTree = "<group>"; };
		0DEE59761D80A3ED00C08908 /* TabController.swift */ = {isa = PBXFileReference; fileEncoding = 4; lastKnownFileType = sourcecode.swift; path = TabController.swift; sourceTree = "<group>"; };
		372C953A1D7CCE8B00BD0DB0 /* ApiKeys.swift */ = {isa = PBXFileReference; fileEncoding = 4; lastKnownFileType = sourcecode.swift; path = ApiKeys.swift; sourceTree = "<group>"; };
		372C953C1D7CCEB700BD0DB0 /* APIKeys.plist */ = {isa = PBXFileReference; fileEncoding = 4; lastKnownFileType = text.plist.xml; path = APIKeys.plist; sourceTree = "<group>"; };
		372C953E1D7CD0A100BD0DB0 /* PaymentsController.swift */ = {isa = PBXFileReference; fileEncoding = 4; lastKnownFileType = sourcecode.swift; path = PaymentsController.swift; sourceTree = "<group>"; };
		372C95401D7CD41600BD0DB0 /* DwollaAPIManager.swift */ = {isa = PBXFileReference; fileEncoding = 4; lastKnownFileType = sourcecode.swift; path = DwollaAPIManager.swift; sourceTree = "<group>"; };
		372C95421D7CD77200BD0DB0 /* DwollaRequest.swift */ = {isa = PBXFileReference; fileEncoding = 4; lastKnownFileType = sourcecode.swift; path = DwollaRequest.swift; sourceTree = "<group>"; };
		379CBB961D7CC9A100352669 /* CheckMates.app */ = {isa = PBXFileReference; explicitFileType = wrapper.application; includeInIndex = 0; path = CheckMates.app; sourceTree = BUILT_PRODUCTS_DIR; };
		379CBB991D7CC9A100352669 /* AppDelegate.swift */ = {isa = PBXFileReference; lastKnownFileType = sourcecode.swift; path = AppDelegate.swift; sourceTree = "<group>"; };
		379CBB9E1D7CC9A100352669 /* Base */ = {isa = PBXFileReference; lastKnownFileType = file.storyboard; name = Base; path = Base.lproj/Main.storyboard; sourceTree = "<group>"; };
		379CBBA11D7CC9A100352669 /* CheckMates.xcdatamodel */ = {isa = PBXFileReference; lastKnownFileType = wrapper.xcdatamodel; path = CheckMates.xcdatamodel; sourceTree = "<group>"; };
		379CBBA31D7CC9A100352669 /* Assets.xcassets */ = {isa = PBXFileReference; lastKnownFileType = folder.assetcatalog; path = Assets.xcassets; sourceTree = "<group>"; };
		379CBBA61D7CC9A100352669 /* Base */ = {isa = PBXFileReference; lastKnownFileType = file.storyboard; name = Base; path = Base.lproj/LaunchScreen.storyboard; sourceTree = "<group>"; };
		379CBBA81D7CC9A100352669 /* Info.plist */ = {isa = PBXFileReference; lastKnownFileType = text.plist.xml; path = Info.plist; sourceTree = "<group>"; };
		379CBBAD1D7CC9A200352669 /* CheckMatesTests.xctest */ = {isa = PBXFileReference; explicitFileType = wrapper.cfbundle; includeInIndex = 0; path = CheckMatesTests.xctest; sourceTree = BUILT_PRODUCTS_DIR; };
		379CBBB11D7CC9A200352669 /* CheckMatesTests.swift */ = {isa = PBXFileReference; lastKnownFileType = sourcecode.swift; path = CheckMatesTests.swift; sourceTree = "<group>"; };
		379CBBB31D7CC9A200352669 /* Info.plist */ = {isa = PBXFileReference; lastKnownFileType = text.plist.xml; path = Info.plist; sourceTree = "<group>"; };
		631544A51BE40205E7D54218 /* Pods_CheckMates.framework */ = {isa = PBXFileReference; explicitFileType = wrapper.framework; includeInIndex = 0; path = Pods_CheckMates.framework; sourceTree = BUILT_PRODUCTS_DIR; };
		6BB260BE7DA72BA1CE84F293 /* Pods_CheckMatesTests.framework */ = {isa = PBXFileReference; explicitFileType = wrapper.framework; includeInIndex = 0; path = Pods_CheckMatesTests.framework; sourceTree = BUILT_PRODUCTS_DIR; };
		9577D0ED59AE388982A6C6AE /* Pods-CheckMatesTests.release.xcconfig */ = {isa = PBXFileReference; includeInIndex = 1; lastKnownFileType = text.xcconfig; name = "Pods-CheckMatesTests.release.xcconfig"; path = "Pods/Target Support Files/Pods-CheckMatesTests/Pods-CheckMatesTests.release.xcconfig"; sourceTree = "<group>"; };
		B4429C8F591B55FDF882555B /* Pods-CheckMatesTests.debug.xcconfig */ = {isa = PBXFileReference; includeInIndex = 1; lastKnownFileType = text.xcconfig; name = "Pods-CheckMatesTests.debug.xcconfig"; path = "Pods/Target Support Files/Pods-CheckMatesTests/Pods-CheckMatesTests.debug.xcconfig"; sourceTree = "<group>"; };
		E59E60D5310226EF27A1A710 /* Pods-CheckMates.release.xcconfig */ = {isa = PBXFileReference; includeInIndex = 1; lastKnownFileType = text.xcconfig; name = "Pods-CheckMates.release.xcconfig"; path = "Pods/Target Support Files/Pods-CheckMates/Pods-CheckMates.release.xcconfig"; sourceTree = "<group>"; };
		F197DDC81D7FB858008D8F17 /* EventViewController.swift */ = {isa = PBXFileReference; fileEncoding = 4; lastKnownFileType = sourcecode.swift; path = EventViewController.swift; sourceTree = "<group>"; };
		F197DDCA1D806928008D8F17 /* EventTableViewController.swift */ = {isa = PBXFileReference; fileEncoding = 4; lastKnownFileType = sourcecode.swift; path = EventTableViewController.swift; sourceTree = "<group>"; };
		F197DDCC1D80B4A0008D8F17 /* MessageController.swift */ = {isa = PBXFileReference; fileEncoding = 4; lastKnownFileType = sourcecode.swift; path = MessageController.swift; sourceTree = "<group>"; };
/* End PBXFileReference section */

/* Begin PBXFrameworksBuildPhase section */
		379CBB931D7CC9A100352669 /* Frameworks */ = {
			isa = PBXFrameworksBuildPhase;
			buildActionMask = 2147483647;
			files = (
				0DAA6BC21D7CF06200D38DFE /* libstdc++.6.0.9.tbd in Frameworks */,
				71E3B24471B29B53EBAFD2F9 /* Pods_CheckMates.framework in Frameworks */,
			);
			runOnlyForDeploymentPostprocessing = 0;
		};
		379CBBAA1D7CC9A200352669 /* Frameworks */ = {
			isa = PBXFrameworksBuildPhase;
			buildActionMask = 2147483647;
			files = (
				2ED6E6F785CD17DEFE5A6A58 /* Pods_CheckMatesTests.framework in Frameworks */,
			);
			runOnlyForDeploymentPostprocessing = 0;
		};
/* End PBXFrameworksBuildPhase section */

/* Begin PBXGroup section */
		0D9FE3BB1D803B9C003C5A59 /* Helpers */ = {
			isa = PBXGroup;
			children = (
				0D9FE3BC1D803C0F003C5A59 /* PhotoTakingHelper.swift */,
			);
			path = Helpers;
			sourceTree = "<group>";
		};
		0F4884C9D8549DB6000C6299 /* Frameworks */ = {
			isa = PBXGroup;
			children = (
				0DAA6BC11D7CF06200D38DFE /* libstdc++.6.0.9.tbd */,
				631544A51BE40205E7D54218 /* Pods_CheckMates.framework */,
				6BB260BE7DA72BA1CE84F293 /* Pods_CheckMatesTests.framework */,
			);
			name = Frameworks;
			sourceTree = "<group>";
		};
		379CBB8D1D7CC9A100352669 = {
			isa = PBXGroup;
			children = (
				0DB4C9541D7D008900FFDF85 /* tessdata */,
				379CBB981D7CC9A100352669 /* CheckMates */,
				379CBBB01D7CC9A200352669 /* CheckMatesTests */,
				379CBB971D7CC9A100352669 /* Products */,
				D0A4A6DE5C26E73B4E5482A9 /* Pods */,
				0F4884C9D8549DB6000C6299 /* Frameworks */,
			);
			sourceTree = "<group>";
		};
		379CBB971D7CC9A100352669 /* Products */ = {
			isa = PBXGroup;
			children = (
				379CBB961D7CC9A100352669 /* CheckMates.app */,
				379CBBAD1D7CC9A200352669 /* CheckMatesTests.xctest */,
			);
			name = Products;
			sourceTree = "<group>";
		};
		379CBB981D7CC9A100352669 /* CheckMates */ = {
			isa = PBXGroup;
			children = (
				0DA243361D7F492300BA021E /* ContactsViewController.swift */,
				F197DDCC1D80B4A0008D8F17 /* MessageController.swift */,
				379CBB991D7CC9A100352669 /* AppDelegate.swift */,
				372C95401D7CD41600BD0DB0 /* DwollaAPIManager.swift */,
				372C95421D7CD77200BD0DB0 /* DwollaRequest.swift */,
				372C953E1D7CD0A100BD0DB0 /* PaymentsController.swift */,
				0DAAE4291D7CD12C00CF092E /* AddReceiptViewController.swift */,
				0DAAE42B1D7CD15B00CF092E /* ReceiptsViewConroller.swift */,
				0DAAE42D1D7CD17B00CF092E /* SnapReceiptsViewController.swift */,
				0DE3FABC1D7FCA27005E5D9F /* PickFromAlbumViewController.swift */,
				0DB4C95A1D7D0F4200FFDF85 /* DetailedReceiptTableViewController.swift */,
				0DB4C9601D7DD25800FFDF85 /* ItemCell.swift */,
				0DB4C95C1D7D1E4C00FFDF85 /* Item.swift */,
				0DB4C95E1D7D1F7100FFDF85 /* ItemStore.swift */,
				0DB4C9621D7DE61400FFDF85 /* ItemDetailViewConroller.swift */,
				0DAAE4271D7CD08100CF092E /* ColorExtensions.swift */,
				0DB4C9641D7DE8AC00FFDF85 /* DateExtensions.swift */,
				0DB4C9661D7DE8E100FFDF85 /* NumberExtensions.swift */,
				379CBB9D1D7CC9A100352669 /* Main.storyboard */,
				0DEE59761D80A3ED00C08908 /* TabController.swift */,
				379CBBA31D7CC9A100352669 /* Assets.xcassets */,
				0D9FE3BB1D803B9C003C5A59 /* Helpers */,
				379CBBA51D7CC9A100352669 /* LaunchScreen.storyboard */,
				379CBBA81D7CC9A100352669 /* Info.plist */,
				379CBBA01D7CC9A100352669 /* CheckMates.xcdatamodeld */,
				372C953C1D7CCEB700BD0DB0 /* APIKeys.plist */,
				372C953A1D7CCE8B00BD0DB0 /* ApiKeys.swift */,
				F197DDCA1D806928008D8F17 /* EventTableViewController.swift */,
			);
			path = CheckMates;
			sourceTree = "<group>";
		};
		379CBBB01D7CC9A200352669 /* CheckMatesTests */ = {
			isa = PBXGroup;
			children = (
				379CBBB11D7CC9A200352669 /* CheckMatesTests.swift */,
				379CBBB31D7CC9A200352669 /* Info.plist */,
			);
			path = CheckMatesTests;
			sourceTree = "<group>";
		};
		D0A4A6DE5C26E73B4E5482A9 /* Pods */ = {
			isa = PBXGroup;
			children = (
				05B5D96BDED7B37A2ECC50E5 /* Pods-CheckMates.debug.xcconfig */,
				E59E60D5310226EF27A1A710 /* Pods-CheckMates.release.xcconfig */,
				B4429C8F591B55FDF882555B /* Pods-CheckMatesTests.debug.xcconfig */,
				9577D0ED59AE388982A6C6AE /* Pods-CheckMatesTests.release.xcconfig */,
			);
			name = Pods;
			sourceTree = "<group>";
		};
/* End PBXGroup section */

/* Begin PBXNativeTarget section */
		379CBB951D7CC9A100352669 /* CheckMates */ = {
			isa = PBXNativeTarget;
			buildConfigurationList = 379CBBB61D7CC9A200352669 /* Build configuration list for PBXNativeTarget "CheckMates" */;
			buildPhases = (
				EAE890B04DACC7A09D45457C /* [CP] Check Pods Manifest.lock */,
				379CBB921D7CC9A100352669 /* Sources */,
				379CBB931D7CC9A100352669 /* Frameworks */,
				379CBB941D7CC9A100352669 /* Resources */,
				45388C22036C1B1118933681 /* [CP] Embed Pods Frameworks */,
				686CC53F801E672EBE4CB49A /* [CP] Copy Pods Resources */,
			);
			buildRules = (
			);
			dependencies = (
			);
			name = CheckMates;
			productName = CheckMates;
			productReference = 379CBB961D7CC9A100352669 /* CheckMates.app */;
			productType = "com.apple.product-type.application";
		};
		379CBBAC1D7CC9A200352669 /* CheckMatesTests */ = {
			isa = PBXNativeTarget;
			buildConfigurationList = 379CBBB91D7CC9A200352669 /* Build configuration list for PBXNativeTarget "CheckMatesTests" */;
			buildPhases = (
				A142DE70B4506F3E51678F88 /* [CP] Check Pods Manifest.lock */,
				379CBBA91D7CC9A200352669 /* Sources */,
				379CBBAA1D7CC9A200352669 /* Frameworks */,
				379CBBAB1D7CC9A200352669 /* Resources */,
				A48BC568886B9E53E59D3BF1 /* [CP] Embed Pods Frameworks */,
				034E7C700DA7EA732B5E1244 /* [CP] Copy Pods Resources */,
			);
			buildRules = (
			);
			dependencies = (
				379CBBAF1D7CC9A200352669 /* PBXTargetDependency */,
			);
			name = CheckMatesTests;
			productName = CheckMatesTests;
			productReference = 379CBBAD1D7CC9A200352669 /* CheckMatesTests.xctest */;
			productType = "com.apple.product-type.bundle.unit-test";
		};
/* End PBXNativeTarget section */

/* Begin PBXProject section */
		379CBB8E1D7CC9A100352669 /* Project object */ = {
			isa = PBXProject;
			attributes = {
				LastSwiftUpdateCheck = 0730;
				LastUpgradeCheck = 0730;
				ORGANIZATIONNAME = checkMates;
				TargetAttributes = {
					379CBB951D7CC9A100352669 = {
						CreatedOnToolsVersion = 7.3.1;
						DevelopmentTeam = HVV8UXES66;
					};
					379CBBAC1D7CC9A200352669 = {
						CreatedOnToolsVersion = 7.3.1;
						TestTargetID = 379CBB951D7CC9A100352669;
					};
				};
			};
			buildConfigurationList = 379CBB911D7CC9A100352669 /* Build configuration list for PBXProject "CheckMates" */;
			compatibilityVersion = "Xcode 3.2";
			developmentRegion = English;
			hasScannedForEncodings = 0;
			knownRegions = (
				en,
				Base,
			);
			mainGroup = 379CBB8D1D7CC9A100352669;
			productRefGroup = 379CBB971D7CC9A100352669 /* Products */;
			projectDirPath = "";
			projectRoot = "";
			targets = (
				379CBB951D7CC9A100352669 /* CheckMates */,
				379CBBAC1D7CC9A200352669 /* CheckMatesTests */,
			);
		};
/* End PBXProject section */

/* Begin PBXResourcesBuildPhase section */
		379CBB941D7CC9A100352669 /* Resources */ = {
			isa = PBXResourcesBuildPhase;
			buildActionMask = 2147483647;
			files = (
				379CBBA71D7CC9A100352669 /* LaunchScreen.storyboard in Resources */,
				372C953D1D7CCEB700BD0DB0 /* APIKeys.plist in Resources */,
				0DB4C9551D7D008900FFDF85 /* tessdata in Resources */,
				379CBBA41D7CC9A100352669 /* Assets.xcassets in Resources */,
				379CBB9F1D7CC9A100352669 /* Main.storyboard in Resources */,
			);
			runOnlyForDeploymentPostprocessing = 0;
		};
		379CBBAB1D7CC9A200352669 /* Resources */ = {
			isa = PBXResourcesBuildPhase;
			buildActionMask = 2147483647;
			files = (
			);
			runOnlyForDeploymentPostprocessing = 0;
		};
/* End PBXResourcesBuildPhase section */

/* Begin PBXShellScriptBuildPhase section */
		034E7C700DA7EA732B5E1244 /* [CP] Copy Pods Resources */ = {
			isa = PBXShellScriptBuildPhase;
			buildActionMask = 2147483647;
			files = (
			);
			inputPaths = (
			);
			name = "[CP] Copy Pods Resources";
			outputPaths = (
			);
			runOnlyForDeploymentPostprocessing = 0;
			shellPath = /bin/sh;
			shellScript = "\"${SRCROOT}/Pods/Target Support Files/Pods-CheckMatesTests/Pods-CheckMatesTests-resources.sh\"\n";
			showEnvVarsInLog = 0;
		};
		45388C22036C1B1118933681 /* [CP] Embed Pods Frameworks */ = {
			isa = PBXShellScriptBuildPhase;
			buildActionMask = 2147483647;
			files = (
			);
			inputPaths = (
			);
			name = "[CP] Embed Pods Frameworks";
			outputPaths = (
			);
			runOnlyForDeploymentPostprocessing = 0;
			shellPath = /bin/sh;
			shellScript = "\"${SRCROOT}/Pods/Target Support Files/Pods-CheckMates/Pods-CheckMates-frameworks.sh\"\n";
			showEnvVarsInLog = 0;
		};
		686CC53F801E672EBE4CB49A /* [CP] Copy Pods Resources */ = {
			isa = PBXShellScriptBuildPhase;
			buildActionMask = 2147483647;
			files = (
			);
			inputPaths = (
			);
			name = "[CP] Copy Pods Resources";
			outputPaths = (
			);
			runOnlyForDeploymentPostprocessing = 0;
			shellPath = /bin/sh;
			shellScript = "\"${SRCROOT}/Pods/Target Support Files/Pods-CheckMates/Pods-CheckMates-resources.sh\"\n";
			showEnvVarsInLog = 0;
		};
		A142DE70B4506F3E51678F88 /* [CP] Check Pods Manifest.lock */ = {
			isa = PBXShellScriptBuildPhase;
			buildActionMask = 2147483647;
			files = (
			);
			inputPaths = (
			);
			name = "[CP] Check Pods Manifest.lock";
			outputPaths = (
			);
			runOnlyForDeploymentPostprocessing = 0;
			shellPath = /bin/sh;
			shellScript = "diff \"${PODS_ROOT}/../Podfile.lock\" \"${PODS_ROOT}/Manifest.lock\" > /dev/null\nif [[ $? != 0 ]] ; then\n    cat << EOM\nerror: The sandbox is not in sync with the Podfile.lock. Run 'pod install' or update your CocoaPods installation.\nEOM\n    exit 1\nfi\n";
			showEnvVarsInLog = 0;
		};
		A48BC568886B9E53E59D3BF1 /* [CP] Embed Pods Frameworks */ = {
			isa = PBXShellScriptBuildPhase;
			buildActionMask = 2147483647;
			files = (
			);
			inputPaths = (
			);
			name = "[CP] Embed Pods Frameworks";
			outputPaths = (
			);
			runOnlyForDeploymentPostprocessing = 0;
			shellPath = /bin/sh;
			shellScript = "\"${SRCROOT}/Pods/Target Support Files/Pods-CheckMatesTests/Pods-CheckMatesTests-frameworks.sh\"\n";
			showEnvVarsInLog = 0;
		};
		EAE890B04DACC7A09D45457C /* [CP] Check Pods Manifest.lock */ = {
			isa = PBXShellScriptBuildPhase;
			buildActionMask = 2147483647;
			files = (
			);
			inputPaths = (
			);
			name = "[CP] Check Pods Manifest.lock";
			outputPaths = (
			);
			runOnlyForDeploymentPostprocessing = 0;
			shellPath = /bin/sh;
			shellScript = "diff \"${PODS_ROOT}/../Podfile.lock\" \"${PODS_ROOT}/Manifest.lock\" > /dev/null\nif [[ $? != 0 ]] ; then\n    cat << EOM\nerror: The sandbox is not in sync with the Podfile.lock. Run 'pod install' or update your CocoaPods installation.\nEOM\n    exit 1\nfi\n";
			showEnvVarsInLog = 0;
		};
/* End PBXShellScriptBuildPhase section */

/* Begin PBXSourcesBuildPhase section */
		379CBB921D7CC9A100352669 /* Sources */ = {
			isa = PBXSourcesBuildPhase;
			buildActionMask = 2147483647;
			files = (
				0DAAE42C1D7CD15B00CF092E /* ReceiptsViewConroller.swift in Sources */,
				0DB4C95D1D7D1E4C00FFDF85 /* Item.swift in Sources */,
				F197DDC91D7FB858008D8F17 /* EventViewController.swift in Sources */,
				379CBB9A1D7CC9A100352669 /* AppDelegate.swift in Sources */,
				0DA243371D7F492300BA021E /* ContactsViewController.swift in Sources */,
				0DB4C9611D7DD25800FFDF85 /* ItemCell.swift in Sources */,
				0DE3FABD1D7FCA27005E5D9F /* PickFromAlbumViewController.swift in Sources */,
				0DB4C95B1D7D0F4200FFDF85 /* DetailedReceiptTableViewController.swift in Sources */,
				372C953F1D7CD0A100BD0DB0 /* PaymentsController.swift in Sources */,
				F197DDCB1D806928008D8F17 /* EventTableViewController.swift in Sources */,
				372C953B1D7CCE8C00BD0DB0 /* ApiKeys.swift in Sources */,
				0DB4C9671D7DE8E100FFDF85 /* NumberExtensions.swift in Sources */,
				0DAAE42E1D7CD17B00CF092E /* SnapReceiptsViewController.swift in Sources */,
				379CBBA21D7CC9A100352669 /* CheckMates.xcdatamodeld in Sources */,
				372C95431D7CD77200BD0DB0 /* DwollaRequest.swift in Sources */,
				0D9FE3BD1D803C0F003C5A59 /* PhotoTakingHelper.swift in Sources */,
				0DEE59771D80A3ED00C08908 /* TabController.swift in Sources */,
				372C95411D7CD41600BD0DB0 /* DwollaAPIManager.swift in Sources */,
				0DAAE4281D7CD08100CF092E /* ColorExtensions.swift in Sources */,
				F197DDCD1D80B4A0008D8F17 /* MessageController.swift in Sources */,
				0DB4C9631D7DE61400FFDF85 /* ItemDetailViewConroller.swift in Sources */,
				0DB4C95F1D7D1F7100FFDF85 /* ItemStore.swift in Sources */,
				0DAAE42A1D7CD12C00CF092E /* AddReceiptViewController.swift in Sources */,
				0DB4C9651D7DE8AC00FFDF85 /* DateExtensions.swift in Sources */,
			);
			runOnlyForDeploymentPostprocessing = 0;
		};
		379CBBA91D7CC9A200352669 /* Sources */ = {
			isa = PBXSourcesBuildPhase;
			buildActionMask = 2147483647;
			files = (
				379CBBB21D7CC9A200352669 /* CheckMatesTests.swift in Sources */,
			);
			runOnlyForDeploymentPostprocessing = 0;
		};
/* End PBXSourcesBuildPhase section */

/* Begin PBXTargetDependency section */
		379CBBAF1D7CC9A200352669 /* PBXTargetDependency */ = {
			isa = PBXTargetDependency;
			target = 379CBB951D7CC9A100352669 /* CheckMates */;
			targetProxy = 379CBBAE1D7CC9A200352669 /* PBXContainerItemProxy */;
		};
/* End PBXTargetDependency section */

/* Begin PBXVariantGroup section */
		379CBB9D1D7CC9A100352669 /* Main.storyboard */ = {
			isa = PBXVariantGroup;
			children = (
				379CBB9E1D7CC9A100352669 /* Base */,
			);
			name = Main.storyboard;
			sourceTree = "<group>";
		};
		379CBBA51D7CC9A100352669 /* LaunchScreen.storyboard */ = {
			isa = PBXVariantGroup;
			children = (
				379CBBA61D7CC9A100352669 /* Base */,
			);
			name = LaunchScreen.storyboard;
			sourceTree = "<group>";
		};
/* End PBXVariantGroup section */

/* Begin XCBuildConfiguration section */
		379CBBB41D7CC9A200352669 /* Debug */ = {
			isa = XCBuildConfiguration;
			buildSettings = {
				ALWAYS_SEARCH_USER_PATHS = NO;
				CLANG_ANALYZER_NONNULL = YES;
				CLANG_CXX_LANGUAGE_STANDARD = "gnu++0x";
				CLANG_CXX_LIBRARY = "libc++";
				CLANG_ENABLE_MODULES = YES;
				CLANG_ENABLE_OBJC_ARC = YES;
				CLANG_WARN_BOOL_CONVERSION = YES;
				CLANG_WARN_CONSTANT_CONVERSION = YES;
				CLANG_WARN_DIRECT_OBJC_ISA_USAGE = YES_ERROR;
				CLANG_WARN_EMPTY_BODY = YES;
				CLANG_WARN_ENUM_CONVERSION = YES;
				CLANG_WARN_INT_CONVERSION = YES;
				CLANG_WARN_OBJC_ROOT_CLASS = YES_ERROR;
				CLANG_WARN_UNREACHABLE_CODE = YES;
				CLANG_WARN__DUPLICATE_METHOD_MATCH = YES;
				"CODE_SIGN_IDENTITY[sdk=iphoneos*]" = "iPhone Developer";
				COPY_PHASE_STRIP = NO;
				DEBUG_INFORMATION_FORMAT = dwarf;
				ENABLE_BITCODE = NO;
				ENABLE_STRICT_OBJC_MSGSEND = YES;
				ENABLE_TESTABILITY = YES;
				GCC_C_LANGUAGE_STANDARD = gnu99;
				GCC_DYNAMIC_NO_PIC = NO;
				GCC_NO_COMMON_BLOCKS = YES;
				GCC_OPTIMIZATION_LEVEL = 0;
				GCC_PREPROCESSOR_DEFINITIONS = (
					"DEBUG=1",
					"$(inherited)",
				);
				GCC_WARN_64_TO_32_BIT_CONVERSION = YES;
				GCC_WARN_ABOUT_RETURN_TYPE = YES_ERROR;
				GCC_WARN_UNDECLARED_SELECTOR = YES;
				GCC_WARN_UNINITIALIZED_AUTOS = YES_AGGRESSIVE;
				GCC_WARN_UNUSED_FUNCTION = YES;
				GCC_WARN_UNUSED_VARIABLE = YES;
				IPHONEOS_DEPLOYMENT_TARGET = 9.3;
				MTL_ENABLE_DEBUG_INFO = YES;
				ONLY_ACTIVE_ARCH = YES;
				SDKROOT = iphoneos;
				SWIFT_OPTIMIZATION_LEVEL = "-Onone";
				TARGETED_DEVICE_FAMILY = "1,2";
			};
			name = Debug;
		};
		379CBBB51D7CC9A200352669 /* Release */ = {
			isa = XCBuildConfiguration;
			buildSettings = {
				ALWAYS_SEARCH_USER_PATHS = NO;
				CLANG_ANALYZER_NONNULL = YES;
				CLANG_CXX_LANGUAGE_STANDARD = "gnu++0x";
				CLANG_CXX_LIBRARY = "libc++";
				CLANG_ENABLE_MODULES = YES;
				CLANG_ENABLE_OBJC_ARC = YES;
				CLANG_WARN_BOOL_CONVERSION = YES;
				CLANG_WARN_CONSTANT_CONVERSION = YES;
				CLANG_WARN_DIRECT_OBJC_ISA_USAGE = YES_ERROR;
				CLANG_WARN_EMPTY_BODY = YES;
				CLANG_WARN_ENUM_CONVERSION = YES;
				CLANG_WARN_INT_CONVERSION = YES;
				CLANG_WARN_OBJC_ROOT_CLASS = YES_ERROR;
				CLANG_WARN_UNREACHABLE_CODE = YES;
				CLANG_WARN__DUPLICATE_METHOD_MATCH = YES;
				"CODE_SIGN_IDENTITY[sdk=iphoneos*]" = "iPhone Developer";
				COPY_PHASE_STRIP = NO;
				DEBUG_INFORMATION_FORMAT = "dwarf-with-dsym";
				ENABLE_BITCODE = NO;
				ENABLE_NS_ASSERTIONS = NO;
				ENABLE_STRICT_OBJC_MSGSEND = YES;
				GCC_C_LANGUAGE_STANDARD = gnu99;
				GCC_NO_COMMON_BLOCKS = YES;
				GCC_WARN_64_TO_32_BIT_CONVERSION = YES;
				GCC_WARN_ABOUT_RETURN_TYPE = YES_ERROR;
				GCC_WARN_UNDECLARED_SELECTOR = YES;
				GCC_WARN_UNINITIALIZED_AUTOS = YES_AGGRESSIVE;
				GCC_WARN_UNUSED_FUNCTION = YES;
				GCC_WARN_UNUSED_VARIABLE = YES;
				IPHONEOS_DEPLOYMENT_TARGET = 9.3;
				MTL_ENABLE_DEBUG_INFO = NO;
				SDKROOT = iphoneos;
				TARGETED_DEVICE_FAMILY = "1,2";
				VALIDATE_PRODUCT = YES;
			};
			name = Release;
		};
		379CBBB71D7CC9A200352669 /* Debug */ = {
			isa = XCBuildConfiguration;
			baseConfigurationReference = 05B5D96BDED7B37A2ECC50E5 /* Pods-CheckMates.debug.xcconfig */;
			buildSettings = {
				ASSETCATALOG_COMPILER_APPICON_NAME = AppIcon;
				CODE_SIGN_IDENTITY = "iPhone Developer";
				ENABLE_BITCODE = NO;
				INFOPLIST_FILE = CheckMates/Info.plist;
				LD_RUNPATH_SEARCH_PATHS = "$(inherited) @executable_path/Frameworks";
				PRODUCT_BUNDLE_IDENTIFIER = com.checkmatesapp.checkmates;
				PRODUCT_NAME = "$(TARGET_NAME)";
				TARGETED_DEVICE_FAMILY = 1;
			};
			name = Debug;
		};
		379CBBB81D7CC9A200352669 /* Release */ = {
			isa = XCBuildConfiguration;
			baseConfigurationReference = E59E60D5310226EF27A1A710 /* Pods-CheckMates.release.xcconfig */;
			buildSettings = {
				ASSETCATALOG_COMPILER_APPICON_NAME = AppIcon;
				CODE_SIGN_IDENTITY = "iPhone Developer";
				ENABLE_BITCODE = NO;
				INFOPLIST_FILE = CheckMates/Info.plist;
				LD_RUNPATH_SEARCH_PATHS = "$(inherited) @executable_path/Frameworks";
				PRODUCT_BUNDLE_IDENTIFIER = com.checkmatesapp.checkmates;
				PRODUCT_NAME = "$(TARGET_NAME)";
				TARGETED_DEVICE_FAMILY = 1;
			};
			name = Release;
		};
		379CBBBA1D7CC9A200352669 /* Debug */ = {
			isa = XCBuildConfiguration;
			baseConfigurationReference = B4429C8F591B55FDF882555B /* Pods-CheckMatesTests.debug.xcconfig */;
			buildSettings = {
				INFOPLIST_FILE = CheckMatesTests/Info.plist;
				LD_RUNPATH_SEARCH_PATHS = "$(inherited) @executable_path/Frameworks @loader_path/Frameworks";
				PRODUCT_BUNDLE_IDENTIFIER = com.checkmatesapp.CheckMatesTests;
				PRODUCT_NAME = "$(TARGET_NAME)";
				TEST_HOST = "$(BUILT_PRODUCTS_DIR)/CheckMates.app/CheckMates";
			};
			name = Debug;
		};
		379CBBBB1D7CC9A200352669 /* Release */ = {
			isa = XCBuildConfiguration;
			baseConfigurationReference = 9577D0ED59AE388982A6C6AE /* Pods-CheckMatesTests.release.xcconfig */;
			buildSettings = {
				INFOPLIST_FILE = CheckMatesTests/Info.plist;
				LD_RUNPATH_SEARCH_PATHS = "$(inherited) @executable_path/Frameworks @loader_path/Frameworks";
				PRODUCT_BUNDLE_IDENTIFIER = com.checkmatesapp.CheckMatesTests;
				PRODUCT_NAME = "$(TARGET_NAME)";
				TEST_HOST = "$(BUILT_PRODUCTS_DIR)/CheckMates.app/CheckMates";
			};
			name = Release;
		};
/* End XCBuildConfiguration section */

/* Begin XCConfigurationList section */
		379CBB911D7CC9A100352669 /* Build configuration list for PBXProject "CheckMates" */ = {
			isa = XCConfigurationList;
			buildConfigurations = (
				379CBBB41D7CC9A200352669 /* Debug */,
				379CBBB51D7CC9A200352669 /* Release */,
			);
			defaultConfigurationIsVisible = 0;
			defaultConfigurationName = Release;
		};
		379CBBB61D7CC9A200352669 /* Build configuration list for PBXNativeTarget "CheckMates" */ = {
			isa = XCConfigurationList;
			buildConfigurations = (
				379CBBB71D7CC9A200352669 /* Debug */,
				379CBBB81D7CC9A200352669 /* Release */,
			);
			defaultConfigurationIsVisible = 0;
			defaultConfigurationName = Release;
		};
		379CBBB91D7CC9A200352669 /* Build configuration list for PBXNativeTarget "CheckMatesTests" */ = {
			isa = XCConfigurationList;
			buildConfigurations = (
				379CBBBA1D7CC9A200352669 /* Debug */,
				379CBBBB1D7CC9A200352669 /* Release */,
			);
			defaultConfigurationIsVisible = 0;
			defaultConfigurationName = Release;
		};
/* End XCConfigurationList section */

/* Begin XCVersionGroup section */
		379CBBA01D7CC9A100352669 /* CheckMates.xcdatamodeld */ = {
			isa = XCVersionGroup;
			children = (
				379CBBA11D7CC9A100352669 /* CheckMates.xcdatamodel */,
			);
			currentVersion = 379CBBA11D7CC9A100352669 /* CheckMates.xcdatamodel */;
			path = CheckMates.xcdatamodeld;
			sourceTree = "<group>";
			versionGroupType = wrapper.xcdatamodel;
		};
/* End XCVersionGroup section */
	};
	rootObject = 379CBB8E1D7CC9A100352669 /* Project object */;
}
